
Microsoft Visual Studio Solution File, Format Version 12.00
# Visual Studio 14
VisualStudioVersion = 14.0.23107.0
MinimumVisualStudioVersion = 10.0.40219.1
Project("{FAE04EC0-301F-11D3-BF4B-00C04F79EFBC}") = "TestorTheBarbarianDemo", "TestorTheBarbarianDemo\TestorTheBarbarianDemo.csproj", "{A47B0782-B269-4C11-ABDF-B769C7410C13}"
EndProject
Project("{FAE04EC0-301F-11D3-BF4B-00C04F79EFBC}") = "TestorShouldlyTests", "TestorShouldlyTests\TestorShouldlyTests.csproj", "{4A761463-5AD9-415F-9865-17B628C91038}"
EndProject
Project("{FAE04EC0-301F-11D3-BF4B-00C04F79EFBC}") = "TestorFluentAssertionsTests", "TestorFluentAssertionsTests\TestorFluentAssertionsTests.csproj", "{51A3560E-FDE9-4DB6-A683-E9FEAC918067}"
EndProject
Global
	GlobalSection(SolutionConfigurationPlatforms) = preSolution
		Debug|Any CPU = Debug|Any CPU
		Release|Any CPU = Release|Any CPU
	EndGlobalSection
	GlobalSection(ProjectConfigurationPlatforms) = postSolution
		{A47B0782-B269-4C11-ABDF-B769C7410C13}.Debug|Any CPU.ActiveCfg = Debug|Any CPU
		{A47B0782-B269-4C11-ABDF-B769C7410C13}.Debug|Any CPU.Build.0 = Debug|Any CPU
		{A47B0782-B269-4C11-ABDF-B769C7410C13}.Release|Any CPU.ActiveCfg = Release|Any CPU
		{A47B0782-B269-4C11-ABDF-B769C7410C13}.Release|Any CPU.Build.0 = Release|Any CPU
		{4A761463-5AD9-415F-9865-17B628C91038}.Debug|Any CPU.ActiveCfg = Debug|Any CPU
		{4A761463-5AD9-415F-9865-17B628C91038}.Debug|Any CPU.Build.0 = Debug|Any CPU
		{4A761463-5AD9-415F-9865-17B628C91038}.Release|Any CPU.ActiveCfg = Release|Any CPU
		{4A761463-5AD9-415F-9865-17B628C91038}.Release|Any CPU.Build.0 = Release|Any CPU
		{51A3560E-FDE9-4DB6-A683-E9FEAC918067}.Debug|Any CPU.ActiveCfg = Debug|Any CPU
		{51A3560E-FDE9-4DB6-A683-E9FEAC918067}.Debug|Any CPU.Build.0 = Debug|Any CPU
		{51A3560E-FDE9-4DB6-A683-E9FEAC918067}.Release|Any CPU.ActiveCfg = Release|Any CPU
		{51A3560E-FDE9-4DB6-A683-E9FEAC918067}.Release|Any CPU.Build.0 = Release|Any CPU
	EndGlobalSection
	GlobalSection(SolutionProperties) = preSolution
		HideSolutionNode = FALSE
	EndGlobalSection
EndGlobal
